// !$*UTF8*$!
{
	archiveVersion = 1;
	classes = {
	};
	objectVersion = 56;
	objects = {

/* Begin PBXBuildFile section */
		C77D13E42CC518D100F19761 /* TripApp.swift in Sources */ = {isa = PBXBuildFile; fileRef = C77D13E32CC518D100F19761 /* TripApp.swift */; };
		C77D13E62CC518D100F19761 /* ContentView.swift in Sources */ = {isa = PBXBuildFile; fileRef = C77D13E52CC518D100F19761 /* ContentView.swift */; };
		C77D13E82CC518D300F19761 /* Assets.xcassets in Resources */ = {isa = PBXBuildFile; fileRef = C77D13E72CC518D300F19761 /* Assets.xcassets */; };
		C77D13EB2CC518D300F19761 /* Preview Assets.xcassets in Resources */ = {isa = PBXBuildFile; fileRef = C77D13EA2CC518D300F19761 /* Preview Assets.xcassets */; };
		C77D13F52CC518D400F19761 /* TripTests.swift in Sources */ = {isa = PBXBuildFile; fileRef = C77D13F42CC518D400F19761 /* TripTests.swift */; };
		C77D13FF2CC518D400F19761 /* TripUITests.swift in Sources */ = {isa = PBXBuildFile; fileRef = C77D13FE2CC518D400F19761 /* TripUITests.swift */; };
		C77D14012CC518D400F19761 /* TripUITestsLaunchTests.swift in Sources */ = {isa = PBXBuildFile; fileRef = C77D14002CC518D400F19761 /* TripUITestsLaunchTests.swift */; };
		C77D14102CC5193400F19761 /* Destinations.swift in Sources */ = {isa = PBXBuildFile; fileRef = C77D140F2CC5193400F19761 /* Destinations.swift */; };
		C77D14122CC5195800F19761 /* DestinationsDetail.swift in Sources */ = {isa = PBXBuildFile; fileRef = C77D14112CC5195800F19761 /* DestinationsDetail.swift */; };
		C77D14142CC5198700F19761 /* MapView.swift in Sources */ = {isa = PBXBuildFile; fileRef = C77D14132CC5198700F19761 /* MapView.swift */; };
		C77D14162CC519A800F19761 /* BgStyle.swift in Sources */ = {isa = PBXBuildFile; fileRef = C77D14152CC519A800F19761 /* BgStyle.swift */; };
		C77D14182CC519CE00F19761 /* ImageClipCircle.swift in Sources */ = {isa = PBXBuildFile; fileRef = C77D14172CC519CE00F19761 /* ImageClipCircle.swift */; };
		C77D141B2CC51E9A00F19761 /* Point.swift in Sources */ = {isa = PBXBuildFile; fileRef = C77D141A2CC51E9A00F19761 /* Point.swift */; };
		C77D141D2CC52A2300F19761 /* ViewModel.swift in Sources */ = {isa = PBXBuildFile; fileRef = C77D141C2CC52A2300F19761 /* ViewModel.swift */; };
		C77D141F2CC5345D00F19761 /* SheetPoint.swift in Sources */ = {isa = PBXBuildFile; fileRef = C77D141E2CC5345D00F19761 /* SheetPoint.swift */; };
/* End PBXBuildFile section */

/* Begin PBXContainerItemProxy section */
		C77D13F12CC518D400F19761 /* PBXContainerItemProxy */ = {
			isa = PBXContainerItemProxy;
			containerPortal = C77D13D82CC518D100F19761 /* Project object */;
			proxyType = 1;
			remoteGlobalIDString = C77D13DF2CC518D100F19761;
			remoteInfo = Trip;
		};
		C77D13FB2CC518D400F19761 /* PBXContainerItemProxy */ = {
			isa = PBXContainerItemProxy;
			containerPortal = C77D13D82CC518D100F19761 /* Project object */;
			proxyType = 1;
			remoteGlobalIDString = C77D13DF2CC518D100F19761;
			remoteInfo = Trip;
		};
/* End PBXContainerItemProxy section */

/* Begin PBXFileReference section */
		C77D13E02CC518D100F19761 /* Trip.app */ = {isa = PBXFileReference; explicitFileType = wrapper.application; includeInIndex = 0; path = Trip.app; sourceTree = BUILT_PRODUCTS_DIR; };
		C77D13E32CC518D100F19761 /* TripApp.swift */ = {isa = PBXFileReference; lastKnownFileType = sourcecode.swift; path = TripApp.swift; sourceTree = "<group>"; };
		C77D13E52CC518D100F19761 /* ContentView.swift */ = {isa = PBXFileReference; lastKnownFileType = sourcecode.swift; path = ContentView.swift; sourceTree = "<group>"; };
		C77D13E72CC518D300F19761 /* Assets.xcassets */ = {isa = PBXFileReference; lastKnownFileType = folder.assetcatalog; path = Assets.xcassets; sourceTree = "<group>"; };
		C77D13EA2CC518D300F19761 /* Preview Assets.xcassets */ = {isa = PBXFileReference; lastKnownFileType = folder.assetcatalog; path = "Preview Assets.xcassets"; sourceTree = "<group>"; };
		C77D13F02CC518D400F19761 /* TripTests.xctest */ = {isa = PBXFileReference; explicitFileType = wrapper.cfbundle; includeInIndex = 0; path = TripTests.xctest; sourceTree = BUILT_PRODUCTS_DIR; };
		C77D13F42CC518D400F19761 /* TripTests.swift */ = {isa = PBXFileReference; lastKnownFileType = sourcecode.swift; path = TripTests.swift; sourceTree = "<group>"; };
		C77D13FA2CC518D400F19761 /* TripUITests.xctest */ = {isa = PBXFileReference; explicitFileType = wrapper.cfbundle; includeInIndex = 0; path = TripUITests.xctest; sourceTree = BUILT_PRODUCTS_DIR; };
		C77D13FE2CC518D400F19761 /* TripUITests.swift */ = {isa = PBXFileReference; lastKnownFileType = sourcecode.swift; path = TripUITests.swift; sourceTree = "<group>"; };
		C77D14002CC518D400F19761 /* TripUITestsLaunchTests.swift */ = {isa = PBXFileReference; lastKnownFileType = sourcecode.swift; path = TripUITestsLaunchTests.swift; sourceTree = "<group>"; };
		C77D140F2CC5193400F19761 /* Destinations.swift */ = {isa = PBXFileReference; lastKnownFileType = sourcecode.swift; path = Destinations.swift; sourceTree = "<group>"; };
		C77D14112CC5195800F19761 /* DestinationsDetail.swift */ = {isa = PBXFileReference; lastKnownFileType = sourcecode.swift; path = DestinationsDetail.swift; sourceTree = "<group>"; };
		C77D14132CC5198700F19761 /* MapView.swift */ = {isa = PBXFileReference; lastKnownFileType = sourcecode.swift; path = MapView.swift; sourceTree = "<group>"; };
		C77D14152CC519A800F19761 /* BgStyle.swift */ = {isa = PBXFileReference; lastKnownFileType = sourcecode.swift; path = BgStyle.swift; sourceTree = "<group>"; };
		C77D14172CC519CE00F19761 /* ImageClipCircle.swift */ = {isa = PBXFileReference; lastKnownFileType = sourcecode.swift; path = ImageClipCircle.swift; sourceTree = "<group>"; };
		C77D141A2CC51E9A00F19761 /* Point.swift */ = {isa = PBXFileReference; lastKnownFileType = sourcecode.swift; path = Point.swift; sourceTree = "<group>"; };
		C77D141C2CC52A2300F19761 /* ViewModel.swift */ = {isa = PBXFileReference; lastKnownFileType = sourcecode.swift; path = ViewModel.swift; sourceTree = "<group>"; };
		C77D141E2CC5345D00F19761 /* SheetPoint.swift */ = {isa = PBXFileReference; lastKnownFileType = sourcecode.swift; path = SheetPoint.swift; sourceTree = "<group>"; };
/* End PBXFileReference section */

/* Begin PBXFrameworksBuildPhase section */
		C77D13DD2CC518D100F19761 /* Frameworks */ = {
			isa = PBXFrameworksBuildPhase;
			buildActionMask = 2147483647;
			files = (
			);
			runOnlyForDeploymentPostprocessing = 0;
		};
		C77D13ED2CC518D400F19761 /* Frameworks */ = {
			isa = PBXFrameworksBuildPhase;
			buildActionMask = 2147483647;
			files = (
			);
			runOnlyForDeploymentPostprocessing = 0;
		};
		C77D13F72CC518D400F19761 /* Frameworks */ = {
			isa = PBXFrameworksBuildPhase;
			buildActionMask = 2147483647;
			files = (
			);
			runOnlyForDeploymentPostprocessing = 0;
		};
/* End PBXFrameworksBuildPhase section */

/* Begin PBXGroup section */
		C77D13D72CC518D100F19761 = {
			isa = PBXGroup;
			children = (
				C77D13E22CC518D100F19761 /* Trip */,
				C77D13F32CC518D400F19761 /* TripTests */,
				C77D13FD2CC518D400F19761 /* TripUITests */,
				C77D13E12CC518D100F19761 /* Products */,
			);
			sourceTree = "<group>";
		};
		C77D13E12CC518D100F19761 /* Products */ = {
			isa = PBXGroup;
			children = (
				C77D13E02CC518D100F19761 /* Trip.app */,
				C77D13F02CC518D400F19761 /* TripTests.xctest */,
				C77D13FA2CC518D400F19761 /* TripUITests.xctest */,
			);
			name = Products;
			sourceTree = "<group>";
		};
		C77D13E22CC518D100F19761 /* Trip */ = {
			isa = PBXGroup;
			children = (
				C77D14192CC51E8900F19761 /* Model */,
				C77D140E2CC5191300F19761 /* View */,
				C77D140D2CC5190200F19761 /* ViewModel */,
				C77D13E32CC518D100F19761 /* TripApp.swift */,
				C77D13E52CC518D100F19761 /* ContentView.swift */,
				C77D13E72CC518D300F19761 /* Assets.xcassets */,
				C77D13E92CC518D300F19761 /* Preview Content */,
			);
			path = Trip;
			sourceTree = "<group>";
		};
		C77D13E92CC518D300F19761 /* Preview Content */ = {
			isa = PBXGroup;
			children = (
				C77D13EA2CC518D300F19761 /* Preview Assets.xcassets */,
			);
			path = "Preview Content";
			sourceTree = "<group>";
		};
		C77D13F32CC518D400F19761 /* TripTests */ = {
			isa = PBXGroup;
			children = (
				C77D13F42CC518D400F19761 /* TripTests.swift */,
			);
			path = TripTests;
			sourceTree = "<group>";
		};
		C77D13FD2CC518D400F19761 /* TripUITests */ = {
			isa = PBXGroup;
			children = (
				C77D13FE2CC518D400F19761 /* TripUITests.swift */,
				C77D14002CC518D400F19761 /* TripUITestsLaunchTests.swift */,
			);
			path = TripUITests;
			sourceTree = "<group>";
		};
		C77D140D2CC5190200F19761 /* ViewModel */ = {
			isa = PBXGroup;
			children = (
				C77D141C2CC52A2300F19761 /* ViewModel.swift */,
			);
			path = ViewModel;
			sourceTree = "<group>";
		};
		C77D140E2CC5191300F19761 /* View */ = {
			isa = PBXGroup;
			children = (
				C77D140F2CC5193400F19761 /* Destinations.swift */,
				C77D14112CC5195800F19761 /* DestinationsDetail.swift */,
				C77D14132CC5198700F19761 /* MapView.swift */,
				C77D14152CC519A800F19761 /* BgStyle.swift */,
				C77D14172CC519CE00F19761 /* ImageClipCircle.swift */,
				C77D141E2CC5345D00F19761 /* SheetPoint.swift */,
			);
			path = View;
			sourceTree = "<group>";
		};
		C77D14192CC51E8900F19761 /* Model */ = {
			isa = PBXGroup;
			children = (
				C77D141A2CC51E9A00F19761 /* Point.swift */,
			);
			path = Model;
			sourceTree = "<group>";
		};
/* End PBXGroup section */

/* Begin PBXNativeTarget section */
		C77D13DF2CC518D100F19761 /* Trip */ = {
			isa = PBXNativeTarget;
			buildConfigurationList = C77D14042CC518D400F19761 /* Build configuration list for PBXNativeTarget "Trip" */;
			buildPhases = (
				C77D13DC2CC518D100F19761 /* Sources */,
				C77D13DD2CC518D100F19761 /* Frameworks */,
				C77D13DE2CC518D100F19761 /* Resources */,
			);
			buildRules = (
			);
			dependencies = (
			);
			name = Trip;
			productName = Trip;
			productReference = C77D13E02CC518D100F19761 /* Trip.app */;
			productType = "com.apple.product-type.application";
		};
		C77D13EF2CC518D400F19761 /* TripTests */ = {
			isa = PBXNativeTarget;
			buildConfigurationList = C77D14072CC518D400F19761 /* Build configuration list for PBXNativeTarget "TripTests" */;
			buildPhases = (
				C77D13EC2CC518D400F19761 /* Sources */,
				C77D13ED2CC518D400F19761 /* Frameworks */,
				C77D13EE2CC518D400F19761 /* Resources */,
			);
			buildRules = (
			);
			dependencies = (
				C77D13F22CC518D400F19761 /* PBXTargetDependency */,
			);
			name = TripTests;
			productName = TripTests;
			productReference = C77D13F02CC518D400F19761 /* TripTests.xctest */;
			productType = "com.apple.product-type.bundle.unit-test";
		};
		C77D13F92CC518D400F19761 /* TripUITests */ = {
			isa = PBXNativeTarget;
			buildConfigurationList = C77D140A2CC518D400F19761 /* Build configuration list for PBXNativeTarget "TripUITests" */;
			buildPhases = (
				C77D13F62CC518D400F19761 /* Sources */,
				C77D13F72CC518D400F19761 /* Frameworks */,
				C77D13F82CC518D400F19761 /* Resources */,
			);
			buildRules = (
			);
			dependencies = (
				C77D13FC2CC518D400F19761 /* PBXTargetDependency */,
			);
			name = TripUITests;
			productName = TripUITests;
			productReference = C77D13FA2CC518D400F19761 /* TripUITests.xctest */;
			productType = "com.apple.product-type.bundle.ui-testing";
		};
/* End PBXNativeTarget section */

/* Begin PBXProject section */
		C77D13D82CC518D100F19761 /* Project object */ = {
			isa = PBXProject;
			attributes = {
				BuildIndependentTargetsInParallel = 1;
				LastSwiftUpdateCheck = 1420;
				LastUpgradeCheck = 1420;
				TargetAttributes = {
					C77D13DF2CC518D100F19761 = {
						CreatedOnToolsVersion = 14.2;
					};
					C77D13EF2CC518D400F19761 = {
						CreatedOnToolsVersion = 14.2;
						TestTargetID = C77D13DF2CC518D100F19761;
					};
					C77D13F92CC518D400F19761 = {
						CreatedOnToolsVersion = 14.2;
						TestTargetID = C77D13DF2CC518D100F19761;
					};
				};
			};
			buildConfigurationList = C77D13DB2CC518D100F19761 /* Build configuration list for PBXProject "Trip" */;
			compatibilityVersion = "Xcode 14.0";
			developmentRegion = en;
			hasScannedForEncodings = 0;
			knownRegions = (
				en,
				Base,
			);
			mainGroup = C77D13D72CC518D100F19761;
			productRefGroup = C77D13E12CC518D100F19761 /* Products */;
			projectDirPath = "";
			projectRoot = "";
			targets = (
				C77D13DF2CC518D100F19761 /* Trip */,
				C77D13EF2CC518D400F19761 /* TripTests */,
				C77D13F92CC518D400F19761 /* TripUITests */,
			);
		};
/* End PBXProject section */

/* Begin PBXResourcesBuildPhase section */
		C77D13DE2CC518D100F19761 /* Resources */ = {
			isa = PBXResourcesBuildPhase;
			buildActionMask = 2147483647;
			files = (
				C77D13EB2CC518D300F19761 /* Preview Assets.xcassets in Resources */,
				C77D13E82CC518D300F19761 /* Assets.xcassets in Resources */,
			);
			runOnlyForDeploymentPostprocessing = 0;
		};
		C77D13EE2CC518D400F19761 /* Resources */ = {
			isa = PBXResourcesBuildPhase;
			buildActionMask = 2147483647;
			files = (
			);
			runOnlyForDeploymentPostprocessing = 0;
		};
		C77D13F82CC518D400F19761 /* Resources */ = {
			isa = PBXResourcesBuildPhase;
			buildActionMask = 2147483647;
			files = (
			);
			runOnlyForDeploymentPostprocessing = 0;
		};
/* End PBXResourcesBuildPhase section */

/* Begin PBXSourcesBuildPhase section */
		C77D13DC2CC518D100F19761 /* Sources */ = {
			isa = PBXSourcesBuildPhase;
			buildActionMask = 2147483647;
			files = (
				C77D141B2CC51E9A00F19761 /* Point.swift in Sources */,
				C77D141D2CC52A2300F19761 /* ViewModel.swift in Sources */,
				C77D14162CC519A800F19761 /* BgStyle.swift in Sources */,
				C77D13E62CC518D100F19761 /* ContentView.swift in Sources */,
				C77D141F2CC5345D00F19761 /* SheetPoint.swift in Sources */,
				C77D14102CC5193400F19761 /* Destinations.swift in Sources */,
				C77D14142CC5198700F19761 /* MapView.swift in Sources */,
				C77D14182CC519CE00F19761 /* ImageClipCircle.swift in Sources */,
				C77D13E42CC518D100F19761 /* TripApp.swift in Sources */,
				C77D14122CC5195800F19761 /* DestinationsDetail.swift in Sources */,
			);
			runOnlyForDeploymentPostprocessing = 0;
		};
		C77D13EC2CC518D400F19761 /* Sources */ = {
			isa = PBXSourcesBuildPhase;
			buildActionMask = 2147483647;
			files = (
				C77D13F52CC518D400F19761 /* TripTests.swift in Sources */,
			);
			runOnlyForDeploymentPostprocessing = 0;
		};
		C77D13F62CC518D400F19761 /* Sources */ = {
			isa = PBXSourcesBuildPhase;
			buildActionMask = 2147483647;
			files = (
				C77D13FF2CC518D400F19761 /* TripUITests.swift in Sources */,
				C77D14012CC518D400F19761 /* TripUITestsLaunchTests.swift in Sources */,
			);
			runOnlyForDeploymentPostprocessing = 0;
		};
/* End PBXSourcesBuildPhase section */

/* Begin PBXTargetDependency section */
		C77D13F22CC518D400F19761 /* PBXTargetDependency */ = {
			isa = PBXTargetDependency;
			target = C77D13DF2CC518D100F19761 /* Trip */;
			targetProxy = C77D13F12CC518D400F19761 /* PBXContainerItemProxy */;
		};
		C77D13FC2CC518D400F19761 /* PBXTargetDependency */ = {
			isa = PBXTargetDependency;
			target = C77D13DF2CC518D100F19761 /* Trip */;
			targetProxy = C77D13FB2CC518D400F19761 /* PBXContainerItemProxy */;
		};
/* End PBXTargetDependency section */

/* Begin XCBuildConfiguration section */
		C77D14022CC518D400F19761 /* Debug */ = {
			isa = XCBuildConfiguration;
			buildSettings = {
				ALWAYS_SEARCH_USER_PATHS = NO;
				CLANG_ANALYZER_NONNULL = YES;
				CLANG_ANALYZER_NUMBER_OBJECT_CONVERSION = YES_AGGRESSIVE;
				CLANG_CXX_LANGUAGE_STANDARD = "gnu++20";
				CLANG_ENABLE_MODULES = YES;
				CLANG_ENABLE_OBJC_ARC = YES;
				CLANG_ENABLE_OBJC_WEAK = YES;
				CLANG_WARN_BLOCK_CAPTURE_AUTORELEASING = YES;
				CLANG_WARN_BOOL_CONVERSION = YES;
				CLANG_WARN_COMMA = YES;
				CLANG_WARN_CONSTANT_CONVERSION = YES;
				CLANG_WARN_DEPRECATED_OBJC_IMPLEMENTATIONS = YES;
				CLANG_WARN_DIRECT_OBJC_ISA_USAGE = YES_ERROR;
				CLANG_WARN_DOCUMENTATION_COMMENTS = YES;
				CLANG_WARN_EMPTY_BODY = YES;
				CLANG_WARN_ENUM_CONVERSION = YES;
				CLANG_WARN_INFINITE_RECURSION = YES;
				CLANG_WARN_INT_CONVERSION = YES;
				CLANG_WARN_NON_LITERAL_NULL_CONVERSION = YES;
				CLANG_WARN_OBJC_IMPLICIT_RETAIN_SELF = YES;
				CLANG_WARN_OBJC_LITERAL_CONVERSION = YES;
				CLANG_WARN_OBJC_ROOT_CLASS = YES_ERROR;
				CLANG_WARN_QUOTED_INCLUDE_IN_FRAMEWORK_HEADER = YES;
				CLANG_WARN_RANGE_LOOP_ANALYSIS = YES;
				CLANG_WARN_STRICT_PROTOTYPES = YES;
				CLANG_WARN_SUSPICIOUS_MOVE = YES;
				CLANG_WARN_UNGUARDED_AVAILABILITY = YES_AGGRESSIVE;
				CLANG_WARN_UNREACHABLE_CODE = YES;
				CLANG_WARN__DUPLICATE_METHOD_MATCH = YES;
				COPY_PHASE_STRIP = NO;
				DEBUG_INFORMATION_FORMAT = dwarf;
				ENABLE_STRICT_OBJC_MSGSEND = YES;
				ENABLE_TESTABILITY = YES;
				GCC_C_LANGUAGE_STANDARD = gnu11;
				GCC_DYNAMIC_NO_PIC = NO;
				GCC_NO_COMMON_BLOCKS = YES;
				GCC_OPTIMIZATION_LEVEL = 0;
				GCC_PREPROCESSOR_DEFINITIONS = (
					"DEBUG=1",
					"$(inherited)",
				);
				GCC_WARN_64_TO_32_BIT_CONVERSION = YES;
				GCC_WARN_ABOUT_RETURN_TYPE = YES_ERROR;
				GCC_WARN_UNDECLARED_SELECTOR = YES;
				GCC_WARN_UNINITIALIZED_AUTOS = YES_AGGRESSIVE;
				GCC_WARN_UNUSED_FUNCTION = YES;
				GCC_WARN_UNUSED_VARIABLE = YES;
				IPHONEOS_DEPLOYMENT_TARGET = 16.2;
				MTL_ENABLE_DEBUG_INFO = INCLUDE_SOURCE;
				MTL_FAST_MATH = YES;
				ONLY_ACTIVE_ARCH = YES;
				SDKROOT = iphoneos;
				SWIFT_ACTIVE_COMPILATION_CONDITIONS = DEBUG;
				SWIFT_OPTIMIZATION_LEVEL = "-Onone";
			};
			name = Debug;
		};
		C77D14032CC518D400F19761 /* Release */ = {
			isa = XCBuildConfiguration;
			buildSettings = {
				ALWAYS_SEARCH_USER_PATHS = NO;
				CLANG_ANALYZER_NONNULL = YES;
				CLANG_ANALYZER_NUMBER_OBJECT_CONVERSION = YES_AGGRESSIVE;
				CLANG_CXX_LANGUAGE_STANDARD = "gnu++20";
				CLANG_ENABLE_MODULES = YES;
				CLANG_ENABLE_OBJC_ARC = YES;
				CLANG_ENABLE_OBJC_WEAK = YES;
				CLANG_WARN_BLOCK_CAPTURE_AUTORELEASING = YES;
				CLANG_WARN_BOOL_CONVERSION = YES;
				CLANG_WARN_COMMA = YES;
				CLANG_WARN_CONSTANT_CONVERSION = YES;
				CLANG_WARN_DEPRECATED_OBJC_IMPLEMENTATIONS = YES;
				CLANG_WARN_DIRECT_OBJC_ISA_USAGE = YES_ERROR;
				CLANG_WARN_DOCUMENTATION_COMMENTS = YES;
				CLANG_WARN_EMPTY_BODY = YES;
				CLANG_WARN_ENUM_CONVERSION = YES;
				CLANG_WARN_INFINITE_RECURSION = YES;
				CLANG_WARN_INT_CONVERSION = YES;
				CLANG_WARN_NON_LITERAL_NULL_CONVERSION = YES;
				CLANG_WARN_OBJC_IMPLICIT_RETAIN_SELF = YES;
				CLANG_WARN_OBJC_LITERAL_CONVERSION = YES;
				CLANG_WARN_OBJC_ROOT_CLASS = YES_ERROR;
				CLANG_WARN_QUOTED_INCLUDE_IN_FRAMEWORK_HEADER = YES;
				CLANG_WARN_RANGE_LOOP_ANALYSIS = YES;
				CLANG_WARN_STRICT_PROTOTYPES = YES;
				CLANG_WARN_SUSPICIOUS_MOVE = YES;
				CLANG_WARN_UNGUARDED_AVAILABILITY = YES_AGGRESSIVE;
				CLANG_WARN_UNREACHABLE_CODE = YES;
				CLANG_WARN__DUPLICATE_METHOD_MATCH = YES;
				COPY_PHASE_STRIP = NO;
				DEBUG_INFORMATION_FORMAT = "dwarf-with-dsym";
				ENABLE_NS_ASSERTIONS = NO;
				ENABLE_STRICT_OBJC_MSGSEND = YES;
				GCC_C_LANGUAGE_STANDARD = gnu11;
				GCC_NO_COMMON_BLOCKS = YES;
				GCC_WARN_64_TO_32_BIT_CONVERSION = YES;
				GCC_WARN_ABOUT_RETURN_TYPE = YES_ERROR;
				GCC_WARN_UNDECLARED_SELECTOR = YES;
				GCC_WARN_UNINITIALIZED_AUTOS = YES_AGGRESSIVE;
				GCC_WARN_UNUSED_FUNCTION = YES;
				GCC_WARN_UNUSED_VARIABLE = YES;
				IPHONEOS_DEPLOYMENT_TARGET = 16.2;
				MTL_ENABLE_DEBUG_INFO = NO;
				MTL_FAST_MATH = YES;
				SDKROOT = iphoneos;
				SWIFT_COMPILATION_MODE = wholemodule;
				SWIFT_OPTIMIZATION_LEVEL = "-O";
				VALIDATE_PRODUCT = YES;
			};
			name = Release;
		};
		C77D14052CC518D400F19761 /* Debug */ = {
			isa = XCBuildConfiguration;
			buildSettings = {
				ASSETCATALOG_COMPILER_APPICON_NAME = AppIcon;
				ASSETCATALOG_COMPILER_GLOBAL_ACCENT_COLOR_NAME = AccentColor;
				CODE_SIGN_STYLE = Automatic;
				CURRENT_PROJECT_VERSION = 1;
				DEVELOPMENT_ASSET_PATHS = "\"Trip/Preview Content\"";
				ENABLE_PREVIEWS = YES;
				GENERATE_INFOPLIST_FILE = YES;
				INFOPLIST_KEY_UIApplicationSceneManifest_Generation = YES;
				INFOPLIST_KEY_UIApplicationSupportsIndirectInputEvents = YES;
				INFOPLIST_KEY_UILaunchScreen_Generation = YES;
				INFOPLIST_KEY_UISupportedInterfaceOrientations_iPad = "UIInterfaceOrientationPortrait UIInterfaceOrientationPortraitUpsideDown UIInterfaceOrientationLandscapeLeft UIInterfaceOrientationLandscapeRight";
				INFOPLIST_KEY_UISupportedInterfaceOrientations_iPhone = "UIInterfaceOrientationPortrait UIInterfaceOrientationLandscapeLeft UIInterfaceOrientationLandscapeRight";
				LD_RUNPATH_SEARCH_PATHS = (
					"$(inherited)",
					"@executable_path/Frameworks",
				);
				MARKETING_VERSION = 1.0;
				PRODUCT_BUNDLE_IDENTIFIER = com.br.renataalbq.Trip;
				PRODUCT_NAME = "$(TARGET_NAME)";
				SWIFT_EMIT_LOC_STRINGS = YES;
				SWIFT_VERSION = 5.0;
				TARGETED_DEVICE_FAMILY = "1,2";
			};
			name = Debug;
		};
		C77D14062CC518D400F19761 /* Release */ = {
			isa = XCBuildConfiguration;
			buildSettings = {
				ASSETCATALOG_COMPILER_APPICON_NAME = AppIcon;
				ASSETCATALOG_COMPILER_GLOBAL_ACCENT_COLOR_NAME = AccentColor;
				CODE_SIGN_STYLE = Automatic;
				CURRENT_PROJECT_VERSION = 1;
				DEVELOPMENT_ASSET_PATHS = "\"Trip/Preview Content\"";
				ENABLE_PREVIEWS = YES;
				GENERATE_INFOPLIST_FILE = YES;
				INFOPLIST_KEY_UIApplicationSceneManifest_Generation = YES;
				INFOPLIST_KEY_UIApplicationSupportsIndirectInputEvents = YES;
				INFOPLIST_KEY_UILaunchScreen_Generation = YES;
				INFOPLIST_KEY_UISupportedInterfaceOrientations_iPad = "UIInterfaceOrientationPortrait UIInterfaceOrientationPortraitUpsideDown UIInterfaceOrientationLandscapeLeft UIInterfaceOrientationLandscapeRight";
				INFOPLIST_KEY_UISupportedInterfaceOrientations_iPhone = "UIInterfaceOrientationPortrait UIInterfaceOrientationLandscapeLeft UIInterfaceOrientationLandscapeRight";
				LD_RUNPATH_SEARCH_PATHS = (
					"$(inherited)",
					"@executable_path/Frameworks",
				);
				MARKETING_VERSION = 1.0;
				PRODUCT_BUNDLE_IDENTIFIER = com.br.renataalbq.Trip;
				PRODUCT_NAME = "$(TARGET_NAME)";
				SWIFT_EMIT_LOC_STRINGS = YES;
				SWIFT_VERSION = 5.0;
				TARGETED_DEVICE_FAMILY = "1,2";
			};
			name = Release;
		};
		C77D14082CC518D400F19761 /* Debug */ = {
			isa = XCBuildConfiguration;
			buildSettings = {
				ALWAYS_EMBED_SWIFT_STANDARD_LIBRARIES = YES;
				BUNDLE_LOADER = "$(TEST_HOST)";
				CODE_SIGN_STYLE = Automatic;
				CURRENT_PROJECT_VERSION = 1;
				GENERATE_INFOPLIST_FILE = YES;
				IPHONEOS_DEPLOYMENT_TARGET = 16.2;
				MARKETING_VERSION = 1.0;
				PRODUCT_BUNDLE_IDENTIFIER = com.br.renataalbq.TripTests;
				PRODUCT_NAME = "$(TARGET_NAME)";
				SWIFT_EMIT_LOC_STRINGS = NO;
				SWIFT_VERSION = 5.0;
				TARGETED_DEVICE_FAMILY = "1,2";
				TEST_HOST = "$(BUILT_PRODUCTS_DIR)/Trip.app/$(BUNDLE_EXECUTABLE_FOLDER_PATH)/Trip";
			};
			name = Debug;
		};
		C77D14092CC518D400F19761 /* Release */ = {
			isa = XCBuildConfiguration;
			buildSettings = {
				ALWAYS_EMBED_SWIFT_STANDARD_LIBRARIES = YES;
				BUNDLE_LOADER = "$(TEST_HOST)";
				CODE_SIGN_STYLE = Automatic;
				CURRENT_PROJECT_VERSION = 1;
				GENERATE_INFOPLIST_FILE = YES;
				IPHONEOS_DEPLOYMENT_TARGET = 16.2;
				MARKETING_VERSION = 1.0;
				PRODUCT_BUNDLE_IDENTIFIER = com.br.renataalbq.TripTests;
				PRODUCT_NAME = "$(TARGET_NAME)";
				SWIFT_EMIT_LOC_STRINGS = NO;
				SWIFT_VERSION = 5.0;
				TARGETED_DEVICE_FAMILY = "1,2";
				TEST_HOST = "$(BUILT_PRODUCTS_DIR)/Trip.app/$(BUNDLE_EXECUTABLE_FOLDER_PATH)/Trip";
			};
			name = Release;
		};
		C77D140B2CC518D400F19761 /* Debug */ = {
			isa = XCBuildConfiguration;
			buildSettings = {
				ALWAYS_EMBED_SWIFT_STANDARD_LIBRARIES = YES;
				CODE_SIGN_STYLE = Automatic;
				CURRENT_PROJECT_VERSION = 1;
				GENERATE_INFOPLIST_FILE = YES;
				MARKETING_VERSION = 1.0;
				PRODUCT_BUNDLE_IDENTIFIER = com.br.renataalbq.TripUITests;
				PRODUCT_NAME = "$(TARGET_NAME)";
				SWIFT_EMIT_LOC_STRINGS = NO;
				SWIFT_VERSION = 5.0;
				TARGETED_DEVICE_FAMILY = "1,2";
				TEST_TARGET_NAME = Trip;
			};
			name = Debug;
		};
		C77D140C2CC518D400F19761 /* Release */ = {
			isa = XCBuildConfiguration;
			buildSettings = {
				ALWAYS_EMBED_SWIFT_STANDARD_LIBRARIES = YES;
				CODE_SIGN_STYLE = Automatic;
				CURRENT_PROJECT_VERSION = 1;
				GENERATE_INFOPLIST_FILE = YES;
				MARKETING_VERSION = 1.0;
				PRODUCT_BUNDLE_IDENTIFIER = com.br.renataalbq.TripUITests;
				PRODUCT_NAME = "$(TARGET_NAME)";
				SWIFT_EMIT_LOC_STRINGS = NO;
				SWIFT_VERSION = 5.0;
				TARGETED_DEVICE_FAMILY = "1,2";
				TEST_TARGET_NAME = Trip;
			};
			name = Release;
		};
/* End XCBuildConfiguration section */

/* Begin XCConfigurationList section */
		C77D13DB2CC518D100F19761 /* Build configuration list for PBXProject "Trip" */ = {
			isa = XCConfigurationList;
			buildConfigurations = (
				C77D14022CC518D400F19761 /* Debug */,
				C77D14032CC518D400F19761 /* Release */,
			);
			defaultConfigurationIsVisible = 0;
			defaultConfigurationName = Release;
		};
		C77D14042CC518D400F19761 /* Build configuration list for PBXNativeTarget "Trip" */ = {
			isa = XCConfigurationList;
			buildConfigurations = (
				C77D14052CC518D400F19761 /* Debug */,
				C77D14062CC518D400F19761 /* Release */,
			);
			defaultConfigurationIsVisible = 0;
			defaultConfigurationName = Release;
		};
		C77D14072CC518D400F19761 /* Build configuration list for PBXNativeTarget "TripTests" */ = {
			isa = XCConfigurationList;
			buildConfigurations = (
				C77D14082CC518D400F19761 /* Debug */,
				C77D14092CC518D400F19761 /* Release */,
			);
			defaultConfigurationIsVisible = 0;
			defaultConfigurationName = Release;
		};
		C77D140A2CC518D400F19761 /* Build configuration list for PBXNativeTarget "TripUITests" */ = {
			isa = XCConfigurationList;
			buildConfigurations = (
				C77D140B2CC518D400F19761 /* Debug */,
				C77D140C2CC518D400F19761 /* Release */,
			);
			defaultConfigurationIsVisible = 0;
			defaultConfigurationName = Release;
		};
/* End XCConfigurationList section */
	};
	rootObject = C77D13D82CC518D100F19761 /* Project object */;
}
