// !$*UTF8*$!
{
	archiveVersion = 1;
	classes = {
	};
	objectVersion = 56;
	objects = {

/* Begin PBXBuildFile section */
		C77941012CC434FF00DABA60 /* FlightsApp.swift in Sources */ = {isa = PBXBuildFile; fileRef = C77941002CC434FF00DABA60 /* FlightsApp.swift */; };
		C77941032CC434FF00DABA60 /* ContentView.swift in Sources */ = {isa = PBXBuildFile; fileRef = C77941022CC434FF00DABA60 /* ContentView.swift */; };
		C77941052CC4350200DABA60 /* Assets.xcassets in Resources */ = {isa = PBXBuildFile; fileRef = C77941042CC4350200DABA60 /* Assets.xcassets */; };
		C77941082CC4350200DABA60 /* Preview Assets.xcassets in Resources */ = {isa = PBXBuildFile; fileRef = C77941072CC4350200DABA60 /* Preview Assets.xcassets */; };
		C77941122CC4350300DABA60 /* FlightsTests.swift in Sources */ = {isa = PBXBuildFile; fileRef = C77941112CC4350300DABA60 /* FlightsTests.swift */; };
		C779411C2CC4350300DABA60 /* FlightsUITests.swift in Sources */ = {isa = PBXBuildFile; fileRef = C779411B2CC4350300DABA60 /* FlightsUITests.swift */; };
		C779411E2CC4350300DABA60 /* FlightsUITestsLaunchTests.swift in Sources */ = {isa = PBXBuildFile; fileRef = C779411D2CC4350300DABA60 /* FlightsUITestsLaunchTests.swift */; };
		C779412E2CC4368F00DABA60 /* Flight.swift in Sources */ = {isa = PBXBuildFile; fileRef = C779412D2CC4368F00DABA60 /* Flight.swift */; };
		C77941302CC436F300DABA60 /* FlightDetail.swift in Sources */ = {isa = PBXBuildFile; fileRef = C779412F2CC436F300DABA60 /* FlightDetail.swift */; };
		C77941322CC4370800DABA60 /* FlightData.swift in Sources */ = {isa = PBXBuildFile; fileRef = C77941312CC4370800DABA60 /* FlightData.swift */; };
/* End PBXBuildFile section */

/* Begin PBXContainerItemProxy section */
		C779410E2CC4350300DABA60 /* PBXContainerItemProxy */ = {
			isa = PBXContainerItemProxy;
			containerPortal = C77940F52CC434FF00DABA60 /* Project object */;
			proxyType = 1;
			remoteGlobalIDString = C77940FC2CC434FF00DABA60;
			remoteInfo = Flights;
		};
		C77941182CC4350300DABA60 /* PBXContainerItemProxy */ = {
			isa = PBXContainerItemProxy;
			containerPortal = C77940F52CC434FF00DABA60 /* Project object */;
			proxyType = 1;
			remoteGlobalIDString = C77940FC2CC434FF00DABA60;
			remoteInfo = Flights;
		};
/* End PBXContainerItemProxy section */

/* Begin PBXFileReference section */
		C77940FD2CC434FF00DABA60 /* Flights.app */ = {isa = PBXFileReference; explicitFileType = wrapper.application; includeInIndex = 0; path = Flights.app; sourceTree = BUILT_PRODUCTS_DIR; };
		C77941002CC434FF00DABA60 /* FlightsApp.swift */ = {isa = PBXFileReference; lastKnownFileType = sourcecode.swift; path = FlightsApp.swift; sourceTree = "<group>"; };
		C77941022CC434FF00DABA60 /* ContentView.swift */ = {isa = PBXFileReference; lastKnownFileType = sourcecode.swift; path = ContentView.swift; sourceTree = "<group>"; };
		C77941042CC4350200DABA60 /* Assets.xcassets */ = {isa = PBXFileReference; lastKnownFileType = folder.assetcatalog; path = Assets.xcassets; sourceTree = "<group>"; };
		C77941072CC4350200DABA60 /* Preview Assets.xcassets */ = {isa = PBXFileReference; lastKnownFileType = folder.assetcatalog; path = "Preview Assets.xcassets"; sourceTree = "<group>"; };
		C779410D2CC4350300DABA60 /* FlightsTests.xctest */ = {isa = PBXFileReference; explicitFileType = wrapper.cfbundle; includeInIndex = 0; path = FlightsTests.xctest; sourceTree = BUILT_PRODUCTS_DIR; };
		C77941112CC4350300DABA60 /* FlightsTests.swift */ = {isa = PBXFileReference; lastKnownFileType = sourcecode.swift; path = FlightsTests.swift; sourceTree = "<group>"; };
		C77941172CC4350300DABA60 /* FlightsUITests.xctest */ = {isa = PBXFileReference; explicitFileType = wrapper.cfbundle; includeInIndex = 0; path = FlightsUITests.xctest; sourceTree = BUILT_PRODUCTS_DIR; };
		C779411B2CC4350300DABA60 /* FlightsUITests.swift */ = {isa = PBXFileReference; lastKnownFileType = sourcecode.swift; path = FlightsUITests.swift; sourceTree = "<group>"; };
		C779411D2CC4350300DABA60 /* FlightsUITestsLaunchTests.swift */ = {isa = PBXFileReference; lastKnownFileType = sourcecode.swift; path = FlightsUITestsLaunchTests.swift; sourceTree = "<group>"; };
		C779412D2CC4368F00DABA60 /* Flight.swift */ = {isa = PBXFileReference; lastKnownFileType = sourcecode.swift; path = Flight.swift; sourceTree = "<group>"; };
		C779412F2CC436F300DABA60 /* FlightDetail.swift */ = {isa = PBXFileReference; lastKnownFileType = sourcecode.swift; path = FlightDetail.swift; sourceTree = "<group>"; };
		C77941312CC4370800DABA60 /* FlightData.swift */ = {isa = PBXFileReference; lastKnownFileType = sourcecode.swift; path = FlightData.swift; sourceTree = "<group>"; };
/* End PBXFileReference section */

/* Begin PBXFrameworksBuildPhase section */
		C77940FA2CC434FF00DABA60 /* Frameworks */ = {
			isa = PBXFrameworksBuildPhase;
			buildActionMask = 2147483647;
			files = (
			);
			runOnlyForDeploymentPostprocessing = 0;
		};
		C779410A2CC4350300DABA60 /* Frameworks */ = {
			isa = PBXFrameworksBuildPhase;
			buildActionMask = 2147483647;
			files = (
			);
			runOnlyForDeploymentPostprocessing = 0;
		};
		C77941142CC4350300DABA60 /* Frameworks */ = {
			isa = PBXFrameworksBuildPhase;
			buildActionMask = 2147483647;
			files = (
			);
			runOnlyForDeploymentPostprocessing = 0;
		};
/* End PBXFrameworksBuildPhase section */

/* Begin PBXGroup section */
		C77940F42CC434FF00DABA60 = {
			isa = PBXGroup;
			children = (
				C77940FF2CC434FF00DABA60 /* Flights */,
				C77941102CC4350300DABA60 /* FlightsTests */,
				C779411A2CC4350300DABA60 /* FlightsUITests */,
				C77940FE2CC434FF00DABA60 /* Products */,
			);
			sourceTree = "<group>";
		};
		C77940FE2CC434FF00DABA60 /* Products */ = {
			isa = PBXGroup;
			children = (
				C77940FD2CC434FF00DABA60 /* Flights.app */,
				C779410D2CC4350300DABA60 /* FlightsTests.xctest */,
				C77941172CC4350300DABA60 /* FlightsUITests.xctest */,
			);
			name = Products;
			sourceTree = "<group>";
		};
		C77940FF2CC434FF00DABA60 /* Flights */ = {
			isa = PBXGroup;
			children = (
				C779412C2CC4355A00DABA60 /* ViewModel */,
				C779412B2CC4354700DABA60 /* View */,
				C779412A2CC4354000DABA60 /* Model */,
				C77941002CC434FF00DABA60 /* FlightsApp.swift */,
				C77941022CC434FF00DABA60 /* ContentView.swift */,
				C77941042CC4350200DABA60 /* Assets.xcassets */,
				C77941062CC4350200DABA60 /* Preview Content */,
			);
			path = Flights;
			sourceTree = "<group>";
		};
		C77941062CC4350200DABA60 /* Preview Content */ = {
			isa = PBXGroup;
			children = (
				C77941072CC4350200DABA60 /* Preview Assets.xcassets */,
			);
			path = "Preview Content";
			sourceTree = "<group>";
		};
		C77941102CC4350300DABA60 /* FlightsTests */ = {
			isa = PBXGroup;
			children = (
				C77941112CC4350300DABA60 /* FlightsTests.swift */,
			);
			path = FlightsTests;
			sourceTree = "<group>";
		};
		C779411A2CC4350300DABA60 /* FlightsUITests */ = {
			isa = PBXGroup;
			children = (
				C779411B2CC4350300DABA60 /* FlightsUITests.swift */,
				C779411D2CC4350300DABA60 /* FlightsUITestsLaunchTests.swift */,
			);
			path = FlightsUITests;
			sourceTree = "<group>";
		};
		C779412A2CC4354000DABA60 /* Model */ = {
			isa = PBXGroup;
			children = (
				C779412D2CC4368F00DABA60 /* Flight.swift */,
			);
			path = Model;
			sourceTree = "<group>";
		};
		C779412B2CC4354700DABA60 /* View */ = {
			isa = PBXGroup;
			children = (
				C779412F2CC436F300DABA60 /* FlightDetail.swift */,
			);
			path = View;
			sourceTree = "<group>";
		};
		C779412C2CC4355A00DABA60 /* ViewModel */ = {
			isa = PBXGroup;
			children = (
				C77941312CC4370800DABA60 /* FlightData.swift */,
			);
			path = ViewModel;
			sourceTree = "<group>";
		};
/* End PBXGroup section */

/* Begin PBXNativeTarget section */
		C77940FC2CC434FF00DABA60 /* Flights */ = {
			isa = PBXNativeTarget;
			buildConfigurationList = C77941212CC4350300DABA60 /* Build configuration list for PBXNativeTarget "Flights" */;
			buildPhases = (
				C77940F92CC434FF00DABA60 /* Sources */,
				C77940FA2CC434FF00DABA60 /* Frameworks */,
				C77940FB2CC434FF00DABA60 /* Resources */,
			);
			buildRules = (
			);
			dependencies = (
			);
			name = Flights;
			productName = Flights;
			productReference = C77940FD2CC434FF00DABA60 /* Flights.app */;
			productType = "com.apple.product-type.application";
		};
		C779410C2CC4350300DABA60 /* FlightsTests */ = {
			isa = PBXNativeTarget;
			buildConfigurationList = C77941242CC4350300DABA60 /* Build configuration list for PBXNativeTarget "FlightsTests" */;
			buildPhases = (
				C77941092CC4350300DABA60 /* Sources */,
				C779410A2CC4350300DABA60 /* Frameworks */,
				C779410B2CC4350300DABA60 /* Resources */,
			);
			buildRules = (
			);
			dependencies = (
				C779410F2CC4350300DABA60 /* PBXTargetDependency */,
			);
			name = FlightsTests;
			productName = FlightsTests;
			productReference = C779410D2CC4350300DABA60 /* FlightsTests.xctest */;
			productType = "com.apple.product-type.bundle.unit-test";
		};
		C77941162CC4350300DABA60 /* FlightsUITests */ = {
			isa = PBXNativeTarget;
			buildConfigurationList = C77941272CC4350300DABA60 /* Build configuration list for PBXNativeTarget "FlightsUITests" */;
			buildPhases = (
				C77941132CC4350300DABA60 /* Sources */,
				C77941142CC4350300DABA60 /* Frameworks */,
				C77941152CC4350300DABA60 /* Resources */,
			);
			buildRules = (
			);
			dependencies = (
				C77941192CC4350300DABA60 /* PBXTargetDependency */,
			);
			name = FlightsUITests;
			productName = FlightsUITests;
			productReference = C77941172CC4350300DABA60 /* FlightsUITests.xctest */;
			productType = "com.apple.product-type.bundle.ui-testing";
		};
/* End PBXNativeTarget section */

/* Begin PBXProject section */
		C77940F52CC434FF00DABA60 /* Project object */ = {
			isa = PBXProject;
			attributes = {
				BuildIndependentTargetsInParallel = 1;
				LastSwiftUpdateCheck = 1420;
				LastUpgradeCheck = 1420;
				TargetAttributes = {
					C77940FC2CC434FF00DABA60 = {
						CreatedOnToolsVersion = 14.2;
					};
					C779410C2CC4350300DABA60 = {
						CreatedOnToolsVersion = 14.2;
						TestTargetID = C77940FC2CC434FF00DABA60;
					};
					C77941162CC4350300DABA60 = {
						CreatedOnToolsVersion = 14.2;
						TestTargetID = C77940FC2CC434FF00DABA60;
					};
				};
			};
			buildConfigurationList = C77940F82CC434FF00DABA60 /* Build configuration list for PBXProject "Flights" */;
			compatibilityVersion = "Xcode 14.0";
			developmentRegion = en;
			hasScannedForEncodings = 0;
			knownRegions = (
				en,
				Base,
			);
			mainGroup = C77940F42CC434FF00DABA60;
			productRefGroup = C77940FE2CC434FF00DABA60 /* Products */;
			projectDirPath = "";
			projectRoot = "";
			targets = (
				C77940FC2CC434FF00DABA60 /* Flights */,
				C779410C2CC4350300DABA60 /* FlightsTests */,
				C77941162CC4350300DABA60 /* FlightsUITests */,
			);
		};
/* End PBXProject section */

/* Begin PBXResourcesBuildPhase section */
		C77940FB2CC434FF00DABA60 /* Resources */ = {
			isa = PBXResourcesBuildPhase;
			buildActionMask = 2147483647;
			files = (
				C77941082CC4350200DABA60 /* Preview Assets.xcassets in Resources */,
				C77941052CC4350200DABA60 /* Assets.xcassets in Resources */,
			);
			runOnlyForDeploymentPostprocessing = 0;
		};
		C779410B2CC4350300DABA60 /* Resources */ = {
			isa = PBXResourcesBuildPhase;
			buildActionMask = 2147483647;
			files = (
			);
			runOnlyForDeploymentPostprocessing = 0;
		};
		C77941152CC4350300DABA60 /* Resources */ = {
			isa = PBXResourcesBuildPhase;
			buildActionMask = 2147483647;
			files = (
			);
			runOnlyForDeploymentPostprocessing = 0;
		};
/* End PBXResourcesBuildPhase section */

/* Begin PBXSourcesBuildPhase section */
		C77940F92CC434FF00DABA60 /* Sources */ = {
			isa = PBXSourcesBuildPhase;
			buildActionMask = 2147483647;
			files = (
				C779412E2CC4368F00DABA60 /* Flight.swift in Sources */,
				C77941322CC4370800DABA60 /* FlightData.swift in Sources */,
				C77941032CC434FF00DABA60 /* ContentView.swift in Sources */,
				C77941302CC436F300DABA60 /* FlightDetail.swift in Sources */,
				C77941012CC434FF00DABA60 /* FlightsApp.swift in Sources */,
			);
			runOnlyForDeploymentPostprocessing = 0;
		};
		C77941092CC4350300DABA60 /* Sources */ = {
			isa = PBXSourcesBuildPhase;
			buildActionMask = 2147483647;
			files = (
				C77941122CC4350300DABA60 /* FlightsTests.swift in Sources */,
			);
			runOnlyForDeploymentPostprocessing = 0;
		};
		C77941132CC4350300DABA60 /* Sources */ = {
			isa = PBXSourcesBuildPhase;
			buildActionMask = 2147483647;
			files = (
				C779411E2CC4350300DABA60 /* FlightsUITestsLaunchTests.swift in Sources */,
				C779411C2CC4350300DABA60 /* FlightsUITests.swift in Sources */,
			);
			runOnlyForDeploymentPostprocessing = 0;
		};
/* End PBXSourcesBuildPhase section */

/* Begin PBXTargetDependency section */
		C779410F2CC4350300DABA60 /* PBXTargetDependency */ = {
			isa = PBXTargetDependency;
			target = C77940FC2CC434FF00DABA60 /* Flights */;
			targetProxy = C779410E2CC4350300DABA60 /* PBXContainerItemProxy */;
		};
		C77941192CC4350300DABA60 /* PBXTargetDependency */ = {
			isa = PBXTargetDependency;
			target = C77940FC2CC434FF00DABA60 /* Flights */;
			targetProxy = C77941182CC4350300DABA60 /* PBXContainerItemProxy */;
		};
/* End PBXTargetDependency section */

/* Begin XCBuildConfiguration section */
		C779411F2CC4350300DABA60 /* Debug */ = {
			isa = XCBuildConfiguration;
			buildSettings = {
				ALWAYS_SEARCH_USER_PATHS = NO;
				CLANG_ANALYZER_NONNULL = YES;
				CLANG_ANALYZER_NUMBER_OBJECT_CONVERSION = YES_AGGRESSIVE;
				CLANG_CXX_LANGUAGE_STANDARD = "gnu++20";
				CLANG_ENABLE_MODULES = YES;
				CLANG_ENABLE_OBJC_ARC = YES;
				CLANG_ENABLE_OBJC_WEAK = YES;
				CLANG_WARN_BLOCK_CAPTURE_AUTORELEASING = YES;
				CLANG_WARN_BOOL_CONVERSION = YES;
				CLANG_WARN_COMMA = YES;
				CLANG_WARN_CONSTANT_CONVERSION = YES;
				CLANG_WARN_DEPRECATED_OBJC_IMPLEMENTATIONS = YES;
				CLANG_WARN_DIRECT_OBJC_ISA_USAGE = YES_ERROR;
				CLANG_WARN_DOCUMENTATION_COMMENTS = YES;
				CLANG_WARN_EMPTY_BODY = YES;
				CLANG_WARN_ENUM_CONVERSION = YES;
				CLANG_WARN_INFINITE_RECURSION = YES;
				CLANG_WARN_INT_CONVERSION = YES;
				CLANG_WARN_NON_LITERAL_NULL_CONVERSION = YES;
				CLANG_WARN_OBJC_IMPLICIT_RETAIN_SELF = YES;
				CLANG_WARN_OBJC_LITERAL_CONVERSION = YES;
				CLANG_WARN_OBJC_ROOT_CLASS = YES_ERROR;
				CLANG_WARN_QUOTED_INCLUDE_IN_FRAMEWORK_HEADER = YES;
				CLANG_WARN_RANGE_LOOP_ANALYSIS = YES;
				CLANG_WARN_STRICT_PROTOTYPES = YES;
				CLANG_WARN_SUSPICIOUS_MOVE = YES;
				CLANG_WARN_UNGUARDED_AVAILABILITY = YES_AGGRESSIVE;
				CLANG_WARN_UNREACHABLE_CODE = YES;
				CLANG_WARN__DUPLICATE_METHOD_MATCH = YES;
				COPY_PHASE_STRIP = NO;
				DEBUG_INFORMATION_FORMAT = dwarf;
				ENABLE_STRICT_OBJC_MSGSEND = YES;
				ENABLE_TESTABILITY = YES;
				GCC_C_LANGUAGE_STANDARD = gnu11;
				GCC_DYNAMIC_NO_PIC = NO;
				GCC_NO_COMMON_BLOCKS = YES;
				GCC_OPTIMIZATION_LEVEL = 0;
				GCC_PREPROCESSOR_DEFINITIONS = (
					"DEBUG=1",
					"$(inherited)",
				);
				GCC_WARN_64_TO_32_BIT_CONVERSION = YES;
				GCC_WARN_ABOUT_RETURN_TYPE = YES_ERROR;
				GCC_WARN_UNDECLARED_SELECTOR = YES;
				GCC_WARN_UNINITIALIZED_AUTOS = YES_AGGRESSIVE;
				GCC_WARN_UNUSED_FUNCTION = YES;
				GCC_WARN_UNUSED_VARIABLE = YES;
				IPHONEOS_DEPLOYMENT_TARGET = 16.2;
				MTL_ENABLE_DEBUG_INFO = INCLUDE_SOURCE;
				MTL_FAST_MATH = YES;
				ONLY_ACTIVE_ARCH = YES;
				SDKROOT = iphoneos;
				SWIFT_ACTIVE_COMPILATION_CONDITIONS = DEBUG;
				SWIFT_OPTIMIZATION_LEVEL = "-Onone";
			};
			name = Debug;
		};
		C77941202CC4350300DABA60 /* Release */ = {
			isa = XCBuildConfiguration;
			buildSettings = {
				ALWAYS_SEARCH_USER_PATHS = NO;
				CLANG_ANALYZER_NONNULL = YES;
				CLANG_ANALYZER_NUMBER_OBJECT_CONVERSION = YES_AGGRESSIVE;
				CLANG_CXX_LANGUAGE_STANDARD = "gnu++20";
				CLANG_ENABLE_MODULES = YES;
				CLANG_ENABLE_OBJC_ARC = YES;
				CLANG_ENABLE_OBJC_WEAK = YES;
				CLANG_WARN_BLOCK_CAPTURE_AUTORELEASING = YES;
				CLANG_WARN_BOOL_CONVERSION = YES;
				CLANG_WARN_COMMA = YES;
				CLANG_WARN_CONSTANT_CONVERSION = YES;
				CLANG_WARN_DEPRECATED_OBJC_IMPLEMENTATIONS = YES;
				CLANG_WARN_DIRECT_OBJC_ISA_USAGE = YES_ERROR;
				CLANG_WARN_DOCUMENTATION_COMMENTS = YES;
				CLANG_WARN_EMPTY_BODY = YES;
				CLANG_WARN_ENUM_CONVERSION = YES;
				CLANG_WARN_INFINITE_RECURSION = YES;
				CLANG_WARN_INT_CONVERSION = YES;
				CLANG_WARN_NON_LITERAL_NULL_CONVERSION = YES;
				CLANG_WARN_OBJC_IMPLICIT_RETAIN_SELF = YES;
				CLANG_WARN_OBJC_LITERAL_CONVERSION = YES;
				CLANG_WARN_OBJC_ROOT_CLASS = YES_ERROR;
				CLANG_WARN_QUOTED_INCLUDE_IN_FRAMEWORK_HEADER = YES;
				CLANG_WARN_RANGE_LOOP_ANALYSIS = YES;
				CLANG_WARN_STRICT_PROTOTYPES = YES;
				CLANG_WARN_SUSPICIOUS_MOVE = YES;
				CLANG_WARN_UNGUARDED_AVAILABILITY = YES_AGGRESSIVE;
				CLANG_WARN_UNREACHABLE_CODE = YES;
				CLANG_WARN__DUPLICATE_METHOD_MATCH = YES;
				COPY_PHASE_STRIP = NO;
				DEBUG_INFORMATION_FORMAT = "dwarf-with-dsym";
				ENABLE_NS_ASSERTIONS = NO;
				ENABLE_STRICT_OBJC_MSGSEND = YES;
				GCC_C_LANGUAGE_STANDARD = gnu11;
				GCC_NO_COMMON_BLOCKS = YES;
				GCC_WARN_64_TO_32_BIT_CONVERSION = YES;
				GCC_WARN_ABOUT_RETURN_TYPE = YES_ERROR;
				GCC_WARN_UNDECLARED_SELECTOR = YES;
				GCC_WARN_UNINITIALIZED_AUTOS = YES_AGGRESSIVE;
				GCC_WARN_UNUSED_FUNCTION = YES;
				GCC_WARN_UNUSED_VARIABLE = YES;
				IPHONEOS_DEPLOYMENT_TARGET = 16.2;
				MTL_ENABLE_DEBUG_INFO = NO;
				MTL_FAST_MATH = YES;
				SDKROOT = iphoneos;
				SWIFT_COMPILATION_MODE = wholemodule;
				SWIFT_OPTIMIZATION_LEVEL = "-O";
				VALIDATE_PRODUCT = YES;
			};
			name = Release;
		};
		C77941222CC4350300DABA60 /* Debug */ = {
			isa = XCBuildConfiguration;
			buildSettings = {
				ASSETCATALOG_COMPILER_APPICON_NAME = AppIcon;
				ASSETCATALOG_COMPILER_GLOBAL_ACCENT_COLOR_NAME = AccentColor;
				CODE_SIGN_STYLE = Automatic;
				CURRENT_PROJECT_VERSION = 1;
				DEVELOPMENT_ASSET_PATHS = "\"Flights/Preview Content\"";
				DEVELOPMENT_TEAM = 2268NT2LS4;
				ENABLE_PREVIEWS = YES;
				GENERATE_INFOPLIST_FILE = YES;
				INFOPLIST_KEY_UIApplicationSceneManifest_Generation = YES;
				INFOPLIST_KEY_UIApplicationSupportsIndirectInputEvents = YES;
				INFOPLIST_KEY_UILaunchScreen_Generation = YES;
				INFOPLIST_KEY_UISupportedInterfaceOrientations_iPad = "UIInterfaceOrientationPortrait UIInterfaceOrientationPortraitUpsideDown UIInterfaceOrientationLandscapeLeft UIInterfaceOrientationLandscapeRight";
				INFOPLIST_KEY_UISupportedInterfaceOrientations_iPhone = "UIInterfaceOrientationPortrait UIInterfaceOrientationLandscapeLeft UIInterfaceOrientationLandscapeRight";
				IPHONEOS_DEPLOYMENT_TARGET = 16.1;
				LD_RUNPATH_SEARCH_PATHS = (
					"$(inherited)",
					"@executable_path/Frameworks",
				);
				MARKETING_VERSION = 1.0;
				PRODUCT_BUNDLE_IDENTIFIER = com.ploomes.mobilenew;
				PRODUCT_NAME = "$(TARGET_NAME)";
				SWIFT_EMIT_LOC_STRINGS = YES;
				SWIFT_VERSION = 5.0;
				TARGETED_DEVICE_FAMILY = "1,2";
			};
			name = Debug;
		};
		C77941232CC4350300DABA60 /* Release */ = {
			isa = XCBuildConfiguration;
			buildSettings = {
				ASSETCATALOG_COMPILER_APPICON_NAME = AppIcon;
				ASSETCATALOG_COMPILER_GLOBAL_ACCENT_COLOR_NAME = AccentColor;
				CODE_SIGN_STYLE = Automatic;
				CURRENT_PROJECT_VERSION = 1;
				DEVELOPMENT_ASSET_PATHS = "\"Flights/Preview Content\"";
				DEVELOPMENT_TEAM = 2268NT2LS4;
				ENABLE_PREVIEWS = YES;
				GENERATE_INFOPLIST_FILE = YES;
				INFOPLIST_KEY_UIApplicationSceneManifest_Generation = YES;
				INFOPLIST_KEY_UIApplicationSupportsIndirectInputEvents = YES;
				INFOPLIST_KEY_UILaunchScreen_Generation = YES;
				INFOPLIST_KEY_UISupportedInterfaceOrientations_iPad = "UIInterfaceOrientationPortrait UIInterfaceOrientationPortraitUpsideDown UIInterfaceOrientationLandscapeLeft UIInterfaceOrientationLandscapeRight";
				INFOPLIST_KEY_UISupportedInterfaceOrientations_iPhone = "UIInterfaceOrientationPortrait UIInterfaceOrientationLandscapeLeft UIInterfaceOrientationLandscapeRight";
				IPHONEOS_DEPLOYMENT_TARGET = 16.1;
				LD_RUNPATH_SEARCH_PATHS = (
					"$(inherited)",
					"@executable_path/Frameworks",
				);
				MARKETING_VERSION = 1.0;
				PRODUCT_BUNDLE_IDENTIFIER = com.ploomes.mobilenew;
				PRODUCT_NAME = "$(TARGET_NAME)";
				SWIFT_EMIT_LOC_STRINGS = YES;
				SWIFT_VERSION = 5.0;
				TARGETED_DEVICE_FAMILY = "1,2";
			};
			name = Release;
		};
		C77941252CC4350300DABA60 /* Debug */ = {
			isa = XCBuildConfiguration;
			buildSettings = {
				ALWAYS_EMBED_SWIFT_STANDARD_LIBRARIES = YES;
				BUNDLE_LOADER = "$(TEST_HOST)";
				CODE_SIGN_STYLE = Automatic;
				CURRENT_PROJECT_VERSION = 1;
				GENERATE_INFOPLIST_FILE = YES;
				IPHONEOS_DEPLOYMENT_TARGET = 16.2;
				MARKETING_VERSION = 1.0;
				PRODUCT_BUNDLE_IDENTIFIER = com.br.renataalbq.FlightsTests;
				PRODUCT_NAME = "$(TARGET_NAME)";
				SWIFT_EMIT_LOC_STRINGS = NO;
				SWIFT_VERSION = 5.0;
				TARGETED_DEVICE_FAMILY = "1,2";
				TEST_HOST = "$(BUILT_PRODUCTS_DIR)/Flights.app/$(BUNDLE_EXECUTABLE_FOLDER_PATH)/Flights";
			};
			name = Debug;
		};
		C77941262CC4350300DABA60 /* Release */ = {
			isa = XCBuildConfiguration;
			buildSettings = {
				ALWAYS_EMBED_SWIFT_STANDARD_LIBRARIES = YES;
				BUNDLE_LOADER = "$(TEST_HOST)";
				CODE_SIGN_STYLE = Automatic;
				CURRENT_PROJECT_VERSION = 1;
				GENERATE_INFOPLIST_FILE = YES;
				IPHONEOS_DEPLOYMENT_TARGET = 16.2;
				MARKETING_VERSION = 1.0;
				PRODUCT_BUNDLE_IDENTIFIER = com.br.renataalbq.FlightsTests;
				PRODUCT_NAME = "$(TARGET_NAME)";
				SWIFT_EMIT_LOC_STRINGS = NO;
				SWIFT_VERSION = 5.0;
				TARGETED_DEVICE_FAMILY = "1,2";
				TEST_HOST = "$(BUILT_PRODUCTS_DIR)/Flights.app/$(BUNDLE_EXECUTABLE_FOLDER_PATH)/Flights";
			};
			name = Release;
		};
		C77941282CC4350300DABA60 /* Debug */ = {
			isa = XCBuildConfiguration;
			buildSettings = {
				ALWAYS_EMBED_SWIFT_STANDARD_LIBRARIES = YES;
				CODE_SIGN_STYLE = Automatic;
				CURRENT_PROJECT_VERSION = 1;
				GENERATE_INFOPLIST_FILE = YES;
				MARKETING_VERSION = 1.0;
				PRODUCT_BUNDLE_IDENTIFIER = com.br.renataalbq.FlightsUITests;
				PRODUCT_NAME = "$(TARGET_NAME)";
				SWIFT_EMIT_LOC_STRINGS = NO;
				SWIFT_VERSION = 5.0;
				TARGETED_DEVICE_FAMILY = "1,2";
				TEST_TARGET_NAME = Flights;
			};
			name = Debug;
		};
		C77941292CC4350300DABA60 /* Release */ = {
			isa = XCBuildConfiguration;
			buildSettings = {
				ALWAYS_EMBED_SWIFT_STANDARD_LIBRARIES = YES;
				CODE_SIGN_STYLE = Automatic;
				CURRENT_PROJECT_VERSION = 1;
				GENERATE_INFOPLIST_FILE = YES;
				MARKETING_VERSION = 1.0;
				PRODUCT_BUNDLE_IDENTIFIER = com.br.renataalbq.FlightsUITests;
				PRODUCT_NAME = "$(TARGET_NAME)";
				SWIFT_EMIT_LOC_STRINGS = NO;
				SWIFT_VERSION = 5.0;
				TARGETED_DEVICE_FAMILY = "1,2";
				TEST_TARGET_NAME = Flights;
			};
			name = Release;
		};
/* End XCBuildConfiguration section */

/* Begin XCConfigurationList section */
		C77940F82CC434FF00DABA60 /* Build configuration list for PBXProject "Flights" */ = {
			isa = XCConfigurationList;
			buildConfigurations = (
				C779411F2CC4350300DABA60 /* Debug */,
				C77941202CC4350300DABA60 /* Release */,
			);
			defaultConfigurationIsVisible = 0;
			defaultConfigurationName = Release;
		};
		C77941212CC4350300DABA60 /* Build configuration list for PBXNativeTarget "Flights" */ = {
			isa = XCConfigurationList;
			buildConfigurations = (
				C77941222CC4350300DABA60 /* Debug */,
				C77941232CC4350300DABA60 /* Release */,
			);
			defaultConfigurationIsVisible = 0;
			defaultConfigurationName = Release;
		};
		C77941242CC4350300DABA60 /* Build configuration list for PBXNativeTarget "FlightsTests" */ = {
			isa = XCConfigurationList;
			buildConfigurations = (
				C77941252CC4350300DABA60 /* Debug */,
				C77941262CC4350300DABA60 /* Release */,
			);
			defaultConfigurationIsVisible = 0;
			defaultConfigurationName = Release;
		};
		C77941272CC4350300DABA60 /* Build configuration list for PBXNativeTarget "FlightsUITests" */ = {
			isa = XCConfigurationList;
			buildConfigurations = (
				C77941282CC4350300DABA60 /* Debug */,
				C77941292CC4350300DABA60 /* Release */,
			);
			defaultConfigurationIsVisible = 0;
			defaultConfigurationName = Release;
		};
/* End XCConfigurationList section */
	};
	rootObject = C77940F52CC434FF00DABA60 /* Project object */;
}
